
Microsoft Visual Studio Solution File, Format Version 12.00
# Visual Studio Version 16
VisualStudioVersion = 16.0.32106.194
MinimumVisualStudioVersion = 10.0.40219.1
Project("{FAE04EC0-301F-11D3-BF4B-00C04F79EFBC}") = "Bookstore", "Bookstore\Bookstore.csproj", "{EC974A62-AD52-4086-9D75-5E048C93CAC0}"
EndProject
Global
	GlobalSection(SolutionConfigurationPlatforms) = preSolution
		Debug|Any CPU = Debug|Any CPU
		Release|Any CPU = Release|Any CPU
	EndGlobalSection
	GlobalSection(ProjectConfigurationPlatforms) = postSolution
		{EC974A62-AD52-4086-9D75-5E048C93CAC0}.Debug|Any CPU.ActiveCfg = Debug|Any CPU
		{EC974A62-AD52-4086-9D75-5E048C93CAC0}.Debug|Any CPU.Build.0 = Debug|Any CPU
		{EC974A62-AD52-4086-9D75-5E048C93CAC0}.Release|Any CPU.ActiveCfg = Release|Any CPU
		{EC974A62-AD52-4086-9D75-5E048C93CAC0}.Release|Any CPU.Build.0 = Release|Any CPU
	EndGlobalSection
	GlobalSection(SolutionProperties) = preSolution
		HideSolutionNode = FALSE
	EndGlobalSection
	GlobalSection(ExtensibilityGlobals) = postSolution
		SolutionGuid = {3473A742-182E-490A-BE46-911E8C6C1BED}
	EndGlobalSection
EndGlobal
